
Microsoft Visual Studio Solution File, Format Version 12.00
# Visual Studio Version 17
VisualStudioVersion = 17.13.35931.197 d17.13
MinimumVisualStudioVersion = 10.0.40219.1
Project("{FAE04EC0-301F-11D3-BF4B-00C04F79EFBC}") = "UserInterface", "UserInterface\UserInterface.csproj", "{28837B5B-4CEC-45BF-B8C3-6ABF7D87FA40}"
EndProject
Global
	GlobalSection(SolutionConfigurationPlatforms) = preSolution
		Debug|Any CPU = Debug|Any CPU
		Release|Any CPU = Release|Any CPU
	EndGlobalSection
	GlobalSection(ProjectConfigurationPlatforms) = postSolution
		{28837B5B-4CEC-45BF-B8C3-6ABF7D87FA40}.Debug|Any CPU.ActiveCfg = Debug|Any CPU
		{28837B5B-4CEC-45BF-B8C3-6ABF7D87FA40}.Debug|Any CPU.Build.0 = Debug|Any CPU
		{28837B5B-4CEC-45BF-B8C3-6ABF7D87FA40}.Release|Any CPU.ActiveCfg = Release|Any CPU
		{28837B5B-4CEC-45BF-B8C3-6ABF7D87FA40}.Release|Any CPU.Build.0 = Release|Any CPU
	EndGlobalSection
	GlobalSection(SolutionProperties) = preSolution
		HideSolutionNode = FALSE
	EndGlobalSection
	GlobalSection(ExtensibilityGlobals) = postSolution
		SolutionGuid = {381B53F8-71AF-489C-ACB9-B229C6ADC2CA}
	EndGlobalSection
EndGlobal
